{
  "name": "graveyard-guardians",
  "lockfileVersion": 3,
  "requires": true,
  "packages": {
    "": {
      "dependencies": {
        "kaboom": "2000.1.13"
      }
    },
    "node_modules/kaboom": {
      "version": "2000.1.13",
      "resolved": "https://registry.npmjs.org/kaboom/-/kaboom-3000.0.1.tgz",
      "integrity": "sha512-3O6G/vSiiVWNLYY28SpAc5WJhZJh+KcE24ccTddjk88HeYDxV1JcQIzNmrh9DdggmRycDdqPOpyZMofpb5bTlg=="
    }
  }
}
