{
  "name": "graveyard-guardians",
  "lockfileVersion": 3,
  "requires": true,
  "packages": {
    "": {
      "dependencies": {
        "kaboom": "3000.0.1"
      }
    },
    "node_modules/kaboom": {
      "version": "2000.2.10",
      "resolved": "https://registry.npmjs.org/kaboom/-/kaboom-3000.0.1.tgz",
      "integrity": "sha512-cuzZ729oWcsw22jtmk4hrE5UPtuiLE4GBqeXdDe+daLRnb46hKkOp7bOspGoEgmfWbVRWZwSwnrel8ygA1hkAg=="
    }
  }
}
